# This file is automatically @generated by Poetry 1.4.1 and should not be changed by hand.

[[package]]
name = "autoflake"
version = "2.0.2"
description = "Removes unused imports and unused variables"
category = "dev"
optional = false
python-versions = ">=3.7"
files = [
    {file = "autoflake-2.0.2-py3-none-any.whl", hash = "sha256:a82d8efdcbbb7129a8a23238c529fb9d9919c562e26bb7963ea6890fbfff7d02"},
    {file = "autoflake-2.0.2.tar.gz", hash = "sha256:e0164421ff13f805f08a023e249d84200bd00463d213b490906bfefa67e83830"},
]

[package.dependencies]
pyflakes = ">=3.0.0"
tomli = {version = ">=2.0.1", markers = "python_version < \"3.11\""}

[[package]]
name = "pyflakes"
version = "3.0.1"
description = "passive checker of Python programs"
category = "dev"
optional = false
python-versions = ">=3.6"
files = [
    {file = "pyflakes-3.0.1-py2.py3-none-any.whl", hash = "sha256:ec55bf7fe21fff7f1ad2f7da62363d749e2a470500eab1b555334b67aa1ef8cf"},
    {file = "pyflakes-3.0.1.tar.gz", hash = "sha256:ec8b276a6b60bd80defed25add7e439881c19e64850afd9b346283d4165fd0fd"},
]

[[package]]
name = "tomli"
version = "2.0.1"
description = "A lil' TOML parser"
category = "dev"
optional = false
python-versions = ">=3.7"
files = [
    {file = "tomli-2.0.1-py3-none-any.whl", hash = "sha256:939de3e7a6161af0c887ef91b7d41a53e7c5a1ca976325f429cb46ea9bc30ecc"},
    {file = "tomli-2.0.1.tar.gz", hash = "sha256:de526c12914f0c550d15924c62d72abc48d6fe7364aa87328337a31007fe8a4f"},
]

[metadata]
lock-version = "2.0"
python-versions = "^3.9"
content-hash = "c47e9f10429ab2004bf1ead49b669bdb506f910bd9a5a2baf057811aee241fb2"
